// !$*UTF8*$!
{
	archiveVersion = 1;
	classes = {
	};
	objectVersion = 50;
	objects = {

/* Begin PBXBuildFile section */
		99ABE4D821B1880C0009D101 /* AppDelegate.swift in Sources */ = {isa = PBXBuildFile; fileRef = 99ABE4D721B1880C0009D101 /* AppDelegate.swift */; };
		99ABE4DD21B1880C0009D101 /* Main.storyboard in Resources */ = {isa = PBXBuildFile; fileRef = 99ABE4DB21B1880C0009D101 /* Main.storyboard */; };
		99ABE4DF21B1880D0009D101 /* Assets.xcassets in Resources */ = {isa = PBXBuildFile; fileRef = 99ABE4DE21B1880D0009D101 /* Assets.xcassets */; };
		99ABE4E221B1880D0009D101 /* LaunchScreen.storyboard in Resources */ = {isa = PBXBuildFile; fileRef = 99ABE4E021B1880D0009D101 /* LaunchScreen.storyboard */; };
		99ABE4EC21B189480009D101 /* DataViewController.swift in Sources */ = {isa = PBXBuildFile; fileRef = 99ABE4EB21B189480009D101 /* DataViewController.swift */; };
		99ABE4F021B18A850009D101 /* BucketItem.swift in Sources */ = {isa = PBXBuildFile; fileRef = 99ABE4EF21B18A850009D101 /* BucketItem.swift */; };
		99ABE4F221B18AC70009D101 /* bucket18.csv in Resources */ = {isa = PBXBuildFile; fileRef = 99ABE4F121B18AC70009D101 /* bucket18.csv */; };
		99ABE4F421B18B0D0009D101 /* BucketItemCell.swift in Sources */ = {isa = PBXBuildFile; fileRef = 99ABE4F321B18B0D0009D101 /* BucketItemCell.swift */; };
/* End PBXBuildFile section */

/* Begin PBXFileReference section */
		99ABE4D421B1880C0009D101 /* DataApp.app */ = {isa = PBXFileReference; explicitFileType = wrapper.application; includeInIndex = 0; path = DataApp.app; sourceTree = BUILT_PRODUCTS_DIR; };
		99ABE4D721B1880C0009D101 /* AppDelegate.swift */ = {isa = PBXFileReference; lastKnownFileType = sourcecode.swift; path = AppDelegate.swift; sourceTree = "<group>"; };
		99ABE4DC21B1880C0009D101 /* Base */ = {isa = PBXFileReference; lastKnownFileType = file.storyboard; name = Base; path = Base.lproj/Main.storyboard; sourceTree = "<group>"; };
		99ABE4DE21B1880D0009D101 /* Assets.xcassets */ = {isa = PBXFileReference; lastKnownFileType = folder.assetcatalog; path = Assets.xcassets; sourceTree = "<group>"; };
		99ABE4E121B1880D0009D101 /* Base */ = {isa = PBXFileReference; lastKnownFileType = file.storyboard; name = Base; path = Base.lproj/LaunchScreen.storyboard; sourceTree = "<group>"; };
		99ABE4E321B1880D0009D101 /* Info.plist */ = {isa = PBXFileReference; lastKnownFileType = text.plist.xml; path = Info.plist; sourceTree = "<group>"; };
		99ABE4EB21B189480009D101 /* DataViewController.swift */ = {isa = PBXFileReference; lastKnownFileType = sourcecode.swift; path = DataViewController.swift; sourceTree = "<group>"; };
		99ABE4EF21B18A850009D101 /* BucketItem.swift */ = {isa = PBXFileReference; lastKnownFileType = sourcecode.swift; path = BucketItem.swift; sourceTree = "<group>"; };
		99ABE4F121B18AC70009D101 /* bucket18.csv */ = {isa = PBXFileReference; fileEncoding = 4; lastKnownFileType = text; name = bucket18.csv; path = ../../../../Downloads/bucket18.csv; sourceTree = "<group>"; };
		99ABE4F321B18B0D0009D101 /* BucketItemCell.swift */ = {isa = PBXFileReference; lastKnownFileType = sourcecode.swift; path = BucketItemCell.swift; sourceTree = "<group>"; };
/* End PBXFileReference section */

/* Begin PBXFrameworksBuildPhase section */
		99ABE4D121B1880C0009D101 /* Frameworks */ = {
			isa = PBXFrameworksBuildPhase;
			buildActionMask = 2147483647;
			files = (
			);
			runOnlyForDeploymentPostprocessing = 0;
		};
/* End PBXFrameworksBuildPhase section */

/* Begin PBXGroup section */
		99ABE4CB21B1880C0009D101 = {
			isa = PBXGroup;
			children = (
				99ABE4D621B1880C0009D101 /* DataApp */,
				99ABE4D521B1880C0009D101 /* Products */,
			);
			sourceTree = "<group>";
		};
		99ABE4D521B1880C0009D101 /* Products */ = {
			isa = PBXGroup;
			children = (
				99ABE4D421B1880C0009D101 /* DataApp.app */,
			);
			name = Products;
			sourceTree = "<group>";
		};
		99ABE4D621B1880C0009D101 /* DataApp */ = {
			isa = PBXGroup;
			children = (
				99ABE4ED21B189550009D101 /* Controller */,
				99ABE4EA21B188980009D101 /* View */,
				99ABE4E921B1885A0009D101 /* Resources */,
			);
			path = DataApp;
			sourceTree = "<group>";
		};
		99ABE4E921B1885A0009D101 /* Resources */ = {
			isa = PBXGroup;
			children = (
				99ABE4F121B18AC70009D101 /* bucket18.csv */,
				99ABE4D721B1880C0009D101 /* AppDelegate.swift */,
				99ABE4E321B1880D0009D101 /* Info.plist */,
				99ABE4DE21B1880D0009D101 /* Assets.xcassets */,
			);
			path = Resources;
			sourceTree = "<group>";
		};
		99ABE4EA21B188980009D101 /* View */ = {
			isa = PBXGroup;
			children = (
				99ABE4E021B1880D0009D101 /* LaunchScreen.storyboard */,
				99ABE4DB21B1880C0009D101 /* Main.storyboard */,
			);
			path = View;
			sourceTree = "<group>";
		};
		99ABE4ED21B189550009D101 /* Controller */ = {
			isa = PBXGroup;
			children = (
				99ABE4F321B18B0D0009D101 /* BucketItemCell.swift */,
				99ABE4EB21B189480009D101 /* DataViewController.swift */,
				99ABE4EE21B18A2D0009D101 /* Model */,
			);
			path = Controller;
			sourceTree = "<group>";
		};
		99ABE4EE21B18A2D0009D101 /* Model */ = {
			isa = PBXGroup;
			children = (
				99ABE4EF21B18A850009D101 /* BucketItem.swift */,
			);
			path = Model;
			sourceTree = "<group>";
		};
/* End PBXGroup section */

/* Begin PBXNativeTarget section */
		99ABE4D321B1880C0009D101 /* DataApp */ = {
			isa = PBXNativeTarget;
			buildConfigurationList = 99ABE4E621B1880D0009D101 /* Build configuration list for PBXNativeTarget "DataApp" */;
			buildPhases = (
				99ABE4D021B1880C0009D101 /* Sources */,
				99ABE4D121B1880C0009D101 /* Frameworks */,
				99ABE4D221B1880C0009D101 /* Resources */,
			);
			buildRules = (
			);
			dependencies = (
			);
			name = DataApp;
			productName = DataApp;
			productReference = 99ABE4D421B1880C0009D101 /* DataApp.app */;
			productType = "com.apple.product-type.application";
		};
/* End PBXNativeTarget section */

/* Begin PBXProject section */
		99ABE4CC21B1880C0009D101 /* Project object */ = {
			isa = PBXProject;
			attributes = {
				LastSwiftUpdateCheck = 1000;
				LastUpgradeCheck = 1000;
				ORGANIZATIONNAME = CTEC;
				TargetAttributes = {
					99ABE4D321B1880C0009D101 = {
						CreatedOnToolsVersion = 10.0;
					};
				};
			};
			buildConfigurationList = 99ABE4CF21B1880C0009D101 /* Build configuration list for PBXProject "DataApp" */;
			compatibilityVersion = "Xcode 9.3";
			developmentRegion = en;
			hasScannedForEncodings = 0;
			knownRegions = (
				en,
				Base,
			);
			mainGroup = 99ABE4CB21B1880C0009D101;
			productRefGroup = 99ABE4D521B1880C0009D101 /* Products */;
			projectDirPath = "";
			projectRoot = "";
			targets = (
				99ABE4D321B1880C0009D101 /* DataApp */,
			);
		};
/* End PBXProject section */

/* Begin PBXResourcesBuildPhase section */
		99ABE4D221B1880C0009D101 /* Resources */ = {
			isa = PBXResourcesBuildPhase;
			buildActionMask = 2147483647;
			files = (
				99ABE4E221B1880D0009D101 /* LaunchScreen.storyboard in Resources */,
				99ABE4F221B18AC70009D101 /* bucket18.csv in Resources */,
				99ABE4DF21B1880D0009D101 /* Assets.xcassets in Resources */,
				99ABE4DD21B1880C0009D101 /* Main.storyboard in Resources */,
			);
			runOnlyForDeploymentPostprocessing = 0;
		};
/* End PBXResourcesBuildPhase section */

/* Begin PBXSourcesBuildPhase section */
		99ABE4D021B1880C0009D101 /* Sources */ = {
			isa = PBXSourcesBuildPhase;
			buildActionMask = 2147483647;
			files = (
				99ABE4F421B18B0D0009D101 /* BucketItemCell.swift in Sources */,
				99ABE4F021B18A850009D101 /* BucketItem.swift in Sources */,
				99ABE4EC21B189480009D101 /* DataViewController.swift in Sources */,
				99ABE4D821B1880C0009D101 /* AppDelegate.swift in Sources */,
			);
			runOnlyForDeploymentPostprocessing = 0;
		};
/* End PBXSourcesBuildPhase section */

/* Begin PBXVariantGroup section */
		99ABE4DB21B1880C0009D101 /* Main.storyboard */ = {
			isa = PBXVariantGroup;
			children = (
				99ABE4DC21B1880C0009D101 /* Base */,
			);
			name = Main.storyboard;
			sourceTree = "<group>";
		};
		99ABE4E021B1880D0009D101 /* LaunchScreen.storyboard */ = {
			isa = PBXVariantGroup;
			children = (
				99ABE4E121B1880D0009D101 /* Base */,
			);
			name = LaunchScreen.storyboard;
			sourceTree = "<group>";
		};
/* End PBXVariantGroup section */

/* Begin XCBuildConfiguration section */
		99ABE4E421B1880D0009D101 /* Debug */ = {
			isa = XCBuildConfiguration;
			buildSettings = {
				ALWAYS_SEARCH_USER_PATHS = NO;
				CLANG_ANALYZER_NONNULL = YES;
				CLANG_ANALYZER_NUMBER_OBJECT_CONVERSION = YES_AGGRESSIVE;
				CLANG_CXX_LANGUAGE_STANDARD = "gnu++14";
				CLANG_CXX_LIBRARY = "libc++";
				CLANG_ENABLE_MODULES = YES;
				CLANG_ENABLE_OBJC_ARC = YES;
				CLANG_ENABLE_OBJC_WEAK = YES;
				CLANG_WARN_BLOCK_CAPTURE_AUTORELEASING = YES;
				CLANG_WARN_BOOL_CONVERSION = YES;
				CLANG_WARN_COMMA = YES;
				CLANG_WARN_CONSTANT_CONVERSION = YES;
				CLANG_WARN_DEPRECATED_OBJC_IMPLEMENTATIONS = YES;
				CLANG_WARN_DIRECT_OBJC_ISA_USAGE = YES_ERROR;
				CLANG_WARN_DOCUMENTATION_COMMENTS = YES;
				CLANG_WARN_EMPTY_BODY = YES;
				CLANG_WARN_ENUM_CONVERSION = YES;
				CLANG_WARN_INFINITE_RECURSION = YES;
				CLANG_WARN_INT_CONVERSION = YES;
				CLANG_WARN_NON_LITERAL_NULL_CONVERSION = YES;
				CLANG_WARN_OBJC_IMPLICIT_RETAIN_SELF = YES;
				CLANG_WARN_OBJC_LITERAL_CONVERSION = YES;
				CLANG_WARN_OBJC_ROOT_CLASS = YES_ERROR;
				CLANG_WARN_RANGE_LOOP_ANALYSIS = YES;
				CLANG_WARN_STRICT_PROTOTYPES = YES;
				CLANG_WARN_SUSPICIOUS_MOVE = YES;
				CLANG_WARN_UNGUARDED_AVAILABILITY = YES_AGGRESSIVE;
				CLANG_WARN_UNREACHABLE_CODE = YES;
				CLANG_WARN__DUPLICATE_METHOD_MATCH = YES;
				CODE_SIGN_IDENTITY = "iPhone Developer";
				COPY_PHASE_STRIP = NO;
				DEBUG_INFORMATION_FORMAT = dwarf;
				ENABLE_STRICT_OBJC_MSGSEND = YES;
				ENABLE_TESTABILITY = YES;
				GCC_C_LANGUAGE_STANDARD = gnu11;
				GCC_DYNAMIC_NO_PIC = NO;
				GCC_NO_COMMON_BLOCKS = YES;
				GCC_OPTIMIZATION_LEVEL = 0;
				GCC_PREPROCESSOR_DEFINITIONS = (
					"DEBUG=1",
					"$(inherited)",
				);
				GCC_WARN_64_TO_32_BIT_CONVERSION = YES;
				GCC_WARN_ABOUT_RETURN_TYPE = YES_ERROR;
				GCC_WARN_UNDECLARED_SELECTOR = YES;
				GCC_WARN_UNINITIALIZED_AUTOS = YES_AGGRESSIVE;
				GCC_WARN_UNUSED_FUNCTION = YES;
				GCC_WARN_UNUSED_VARIABLE = YES;
				IPHONEOS_DEPLOYMENT_TARGET = 12.0;
				MTL_ENABLE_DEBUG_INFO = INCLUDE_SOURCE;
				MTL_FAST_MATH = YES;
				ONLY_ACTIVE_ARCH = YES;
				SDKROOT = iphoneos;
				SWIFT_ACTIVE_COMPILATION_CONDITIONS = DEBUG;
				SWIFT_OPTIMIZATION_LEVEL = "-Onone";
			};
			name = Debug;
		};
		99ABE4E521B1880D0009D101 /* Release */ = {
			isa = XCBuildConfiguration;
			buildSettings = {
				ALWAYS_SEARCH_USER_PATHS = NO;
				CLANG_ANALYZER_NONNULL = YES;
				CLANG_ANALYZER_NUMBER_OBJECT_CONVERSION = YES_AGGRESSIVE;
				CLANG_CXX_LANGUAGE_STANDARD = "gnu++14";
				CLANG_CXX_LIBRARY = "libc++";
				CLANG_ENABLE_MODULES = YES;
				CLANG_ENABLE_OBJC_ARC = YES;
				CLANG_ENABLE_OBJC_WEAK = YES;
				CLANG_WARN_BLOCK_CAPTURE_AUTORELEASING = YES;
				CLANG_WARN_BOOL_CONVERSION = YES;
				CLANG_WARN_COMMA = YES;
				CLANG_WARN_CONSTANT_CONVERSION = YES;
				CLANG_WARN_DEPRECATED_OBJC_IMPLEMENTATIONS = YES;
				CLANG_WARN_DIRECT_OBJC_ISA_USAGE = YES_ERROR;
				CLANG_WARN_DOCUMENTATION_COMMENTS = YES;
				CLANG_WARN_EMPTY_BODY = YES;
				CLANG_WARN_ENUM_CONVERSION = YES;
				CLANG_WARN_INFINITE_RECURSION = YES;
				CLANG_WARN_INT_CONVERSION = YES;
				CLANG_WARN_NON_LITERAL_NULL_CONVERSION = YES;
				CLANG_WARN_OBJC_IMPLICIT_RETAIN_SELF = YES;
				CLANG_WARN_OBJC_LITERAL_CONVERSION = YES;
				CLANG_WARN_OBJC_ROOT_CLASS = YES_ERROR;
				CLANG_WARN_RANGE_LOOP_ANALYSIS = YES;
				CLANG_WARN_STRICT_PROTOTYPES = YES;
				CLANG_WARN_SUSPICIOUS_MOVE = YES;
				CLANG_WARN_UNGUARDED_AVAILABILITY = YES_AGGRESSIVE;
				CLANG_WARN_UNREACHABLE_CODE = YES;
				CLANG_WARN__DUPLICATE_METHOD_MATCH = YES;
				CODE_SIGN_IDENTITY = "iPhone Developer";
				COPY_PHASE_STRIP = NO;
				DEBUG_INFORMATION_FORMAT = "dwarf-with-dsym";
				ENABLE_NS_ASSERTIONS = NO;
				ENABLE_STRICT_OBJC_MSGSEND = YES;
				GCC_C_LANGUAGE_STANDARD = gnu11;
				GCC_NO_COMMON_BLOCKS = YES;
				GCC_WARN_64_TO_32_BIT_CONVERSION = YES;
				GCC_WARN_ABOUT_RETURN_TYPE = YES_ERROR;
				GCC_WARN_UNDECLARED_SELECTOR = YES;
				GCC_WARN_UNINITIALIZED_AUTOS = YES_AGGRESSIVE;
				GCC_WARN_UNUSED_FUNCTION = YES;
				GCC_WARN_UNUSED_VARIABLE = YES;
				IPHONEOS_DEPLOYMENT_TARGET = 12.0;
				MTL_ENABLE_DEBUG_INFO = NO;
				MTL_FAST_MATH = YES;
				SDKROOT = iphoneos;
				SWIFT_COMPILATION_MODE = wholemodule;
				SWIFT_OPTIMIZATION_LEVEL = "-O";
				VALIDATE_PRODUCT = YES;
			};
			name = Release;
		};
		99ABE4E721B1880D0009D101 /* Debug */ = {
			isa = XCBuildConfiguration;
			buildSettings = {
				ASSETCATALOG_COMPILER_APPICON_NAME = AppIcon;
				CODE_SIGN_STYLE = Automatic;
				INFOPLIST_FILE = DataApp/Info.plist;
				LD_RUNPATH_SEARCH_PATHS = (
					"$(inherited)",
					"@executable_path/Frameworks",
				);
				PRODUCT_BUNDLE_IDENTIFIER = CTEC.DataApp;
				PRODUCT_NAME = "$(TARGET_NAME)";
				SWIFT_VERSION = 4.2;
				TARGETED_DEVICE_FAMILY = "1,2";
			};
			name = Debug;
		};
		99ABE4E821B1880D0009D101 /* Release */ = {
			isa = XCBuildConfiguration;
			buildSettings = {
				ASSETCATALOG_COMPILER_APPICON_NAME = AppIcon;
				CODE_SIGN_STYLE = Automatic;
				INFOPLIST_FILE = DataApp/Info.plist;
				LD_RUNPATH_SEARCH_PATHS = (
					"$(inherited)",
					"@executable_path/Frameworks",
				);
				PRODUCT_BUNDLE_IDENTIFIER = CTEC.DataApp;
				PRODUCT_NAME = "$(TARGET_NAME)";
				SWIFT_VERSION = 4.2;
				TARGETED_DEVICE_FAMILY = "1,2";
			};
			name = Release;
		};
/* End XCBuildConfiguration section */

/* Begin XCConfigurationList section */
		99ABE4CF21B1880C0009D101 /* Build configuration list for PBXProject "DataApp" */ = {
			isa = XCConfigurationList;
			buildConfigurations = (
				99ABE4E421B1880D0009D101 /* Debug */,
				99ABE4E521B1880D0009D101 /* Release */,
			);
			defaultConfigurationIsVisible = 0;
			defaultConfigurationName = Release;
		};
		99ABE4E621B1880D0009D101 /* Build configuration list for PBXNativeTarget "DataApp" */ = {
			isa = XCConfigurationList;
			buildConfigurations = (
				99ABE4E721B1880D0009D101 /* Debug */,
				99ABE4E821B1880D0009D101 /* Release */,
			);
			defaultConfigurationIsVisible = 0;
			defaultConfigurationName = Release;
		};
/* End XCConfigurationList section */
	};
	rootObject = 99ABE4CC21B1880C0009D101 /* Project object */;
}
